
Microsoft Visual Studio Solution File, Format Version 12.00
# Visual Studio Version 17
VisualStudioVersion = 17.14.36414.22
MinimumVisualStudioVersion = 10.0.40219.1
Project("{FAE04EC0-301F-11D3-BF4B-00C04F79EFBC}") = "ems-backend", "ems-backend.csproj", "{8AFC8DF4-E90D-416C-B7C0-7F93DCB76EA4}"
EndProject
Project("{2150E333-8FDC-42A3-9474-1A3956D46DE8}") = "Solution Items", "Solution Items", "{8EC462FD-D22E-90A8-E5CE-7E832BA40C5D}"
	ProjectSection(SolutionItems) = preProject
		.gitignore = .gitignore
	EndProjectSection
EndProject
Global
	GlobalSection(SolutionConfigurationPlatforms) = preSolution
		Debug|Any CPU = Debug|Any CPU
		Release|Any CPU = Release|Any CPU
	EndGlobalSection
	GlobalSection(ProjectConfigurationPlatforms) = postSolution
		{8AFC8DF4-E90D-416C-B7C0-7F93DCB76EA4}.Debug|Any CPU.ActiveCfg = Debug|Any CPU
		{8AFC8DF4-E90D-416C-B7C0-7F93DCB76EA4}.Debug|Any CPU.Build.0 = Debug|Any CPU
		{8AFC8DF4-E90D-416C-B7C0-7F93DCB76EA4}.Release|Any CPU.ActiveCfg = Release|Any CPU
		{8AFC8DF4-E90D-416C-B7C0-7F93DCB76EA4}.Release|Any CPU.Build.0 = Release|Any CPU
	EndGlobalSection
	GlobalSection(SolutionProperties) = preSolution
		HideSolutionNode = FALSE
	EndGlobalSection
	GlobalSection(ExtensibilityGlobals) = postSolution
		SolutionGuid = {EB836F07-4CE3-4A06-9569-E29C12C5D73F}
	EndGlobalSection
EndGlobal
